
Microsoft Visual Studio Solution File, Format Version 12.00
# Visual Studio Version 16
VisualStudioVersion = 16.0.30011.22
MinimumVisualStudioVersion = 10.0.40219.1
Project("{9A19103F-16F7-4668-BE54-9A1E7A4F7556}") = "superTech", "superTech\superTech.csproj", "{FE6B2BCE-BDE7-44C2-9334-68565F0EC195}"
EndProject
Project("{2150E333-8FDC-42A3-9474-1A3956D46DE8}") = "UI", "UI", "{D1EDE461-7C49-4353-A57B-64BAAB5355F7}"
EndProject
Project("{FAE04EC0-301F-11D3-BF4B-00C04F79EFBC}") = "superTech.WinUI", "superTech.WinUI\superTech.WinUI.csproj", "{4537EFBA-3F26-42E8-99C4-1AEFCB9B24EB}"
EndProject
Project("{9A19103F-16F7-4668-BE54-9A1E7A4F7556}") = "superTech.Models", "superTech.Models\superTech.Models.csproj", "{3ABBC13A-DAB4-42CD-A13A-EF7A60FE5E50}"
EndProject
Project("{2150E333-8FDC-42A3-9474-1A3956D46DE8}") = "Mobile", "Mobile", "{C8C9BD65-F903-4B57-97EC-7E1BB68EE528}"
EndProject
Project("{FAE04EC0-301F-11D3-BF4B-00C04F79EFBC}") = "superTechMobile.UWP", "superTechMobile\superTechMobile.UWP\superTechMobile.UWP.csproj", "{B4971681-A8D8-40F0-B688-626521CD84AF}"
EndProject
Project("{FAE04EC0-301F-11D3-BF4B-00C04F79EFBC}") = "superTechMobile.Android", "superTechMobile\superTechMobile.Android\superTechMobile.Android.csproj", "{6470D2E3-5E33-4A57-81F3-9CEA4469BDE3}"
EndProject
Project("{FAE04EC0-301F-11D3-BF4B-00C04F79EFBC}") = "superTechMobile.iOS", "superTechMobile\superTechMobile.iOS\superTechMobile.iOS.csproj", "{EBBDAE7D-2087-40EE-B502-12B20586661A}"
EndProject
Project("{9A19103F-16F7-4668-BE54-9A1E7A4F7556}") = "superTechMobile", "superTechMobile\superTechMobile\superTechMobile.csproj", "{47F5F296-49E2-42B7-B4D6-3C6E31B7AE1D}"
EndProject
Global
	GlobalSection(SolutionConfigurationPlatforms) = preSolution
		Debug|Any CPU = Debug|Any CPU
		Debug|ARM = Debug|ARM
		Debug|ARM64 = Debug|ARM64
		Debug|iPhone = Debug|iPhone
		Debug|iPhoneSimulator = Debug|iPhoneSimulator
		Debug|x64 = Debug|x64
		Debug|x86 = Debug|x86
		Release|Any CPU = Release|Any CPU
		Release|ARM = Release|ARM
		Release|ARM64 = Release|ARM64
		Release|iPhone = Release|iPhone
		Release|iPhoneSimulator = Release|iPhoneSimulator
		Release|x64 = Release|x64
		Release|x86 = Release|x86
	EndGlobalSection
	GlobalSection(ProjectConfigurationPlatforms) = postSolution
		{FE6B2BCE-BDE7-44C2-9334-68565F0EC195}.Debug|Any CPU.ActiveCfg = Debug|Any CPU
		{FE6B2BCE-BDE7-44C2-9334-68565F0EC195}.Debug|Any CPU.Build.0 = Debug|Any CPU
		{FE6B2BCE-BDE7-44C2-9334-68565F0EC195}.Debug|ARM.ActiveCfg = Debug|Any CPU
		{FE6B2BCE-BDE7-44C2-9334-68565F0EC195}.Debug|ARM.Build.0 = Debug|Any CPU
		{FE6B2BCE-BDE7-44C2-9334-68565F0EC195}.Debug|ARM64.ActiveCfg = Debug|Any CPU
		{FE6B2BCE-BDE7-44C2-9334-68565F0EC195}.Debug|ARM64.Build.0 = Debug|Any CPU
		{FE6B2BCE-BDE7-44C2-9334-68565F0EC195}.Debug|iPhone.ActiveCfg = Debug|Any CPU
		{FE6B2BCE-BDE7-44C2-9334-68565F0EC195}.Debug|iPhone.Build.0 = Debug|Any CPU
		{FE6B2BCE-BDE7-44C2-9334-68565F0EC195}.Debug|iPhoneSimulator.ActiveCfg = Debug|Any CPU
		{FE6B2BCE-BDE7-44C2-9334-68565F0EC195}.Debug|iPhoneSimulator.Build.0 = Debug|Any CPU
		{FE6B2BCE-BDE7-44C2-9334-68565F0EC195}.Debug|x64.ActiveCfg = Debug|Any CPU
		{FE6B2BCE-BDE7-44C2-9334-68565F0EC195}.Debug|x64.Build.0 = Debug|Any CPU
		{FE6B2BCE-BDE7-44C2-9334-68565F0EC195}.Debug|x86.ActiveCfg = Debug|Any CPU
		{FE6B2BCE-BDE7-44C2-9334-68565F0EC195}.Debug|x86.Build.0 = Debug|Any CPU
		{FE6B2BCE-BDE7-44C2-9334-68565F0EC195}.Release|Any CPU.ActiveCfg = Release|Any CPU
		{FE6B2BCE-BDE7-44C2-9334-68565F0EC195}.Release|Any CPU.Build.0 = Release|Any CPU
		{FE6B2BCE-BDE7-44C2-9334-68565F0EC195}.Release|ARM.ActiveCfg = Release|Any CPU
		{FE6B2BCE-BDE7-44C2-9334-68565F0EC195}.Release|ARM.Build.0 = Release|Any CPU
		{FE6B2BCE-BDE7-44C2-9334-68565F0EC195}.Release|ARM64.ActiveCfg = Release|Any CPU
		{FE6B2BCE-BDE7-44C2-9334-68565F0EC195}.Release|ARM64.Build.0 = Release|Any CPU
		{FE6B2BCE-BDE7-44C2-9334-68565F0EC195}.Release|iPhone.ActiveCfg = Release|Any CPU
		{FE6B2BCE-BDE7-44C2-9334-68565F0EC195}.Release|iPhone.Build.0 = Release|Any CPU
		{FE6B2BCE-BDE7-44C2-9334-68565F0EC195}.Release|iPhoneSimulator.ActiveCfg = Release|Any CPU
		{FE6B2BCE-BDE7-44C2-9334-68565F0EC195}.Release|iPhoneSimulator.Build.0 = Release|Any CPU
		{FE6B2BCE-BDE7-44C2-9334-68565F0EC195}.Release|x64.ActiveCfg = Release|Any CPU
		{FE6B2BCE-BDE7-44C2-9334-68565F0EC195}.Release|x64.Build.0 = Release|Any CPU
		{FE6B2BCE-BDE7-44C2-9334-68565F0EC195}.Release|x86.ActiveCfg = Release|Any CPU
		{FE6B2BCE-BDE7-44C2-9334-68565F0EC195}.Release|x86.Build.0 = Release|Any CPU
		{4537EFBA-3F26-42E8-99C4-1AEFCB9B24EB}.Debug|Any CPU.ActiveCfg = Debug|Any CPU
		{4537EFBA-3F26-42E8-99C4-1AEFCB9B24EB}.Debug|ARM.ActiveCfg = Debug|Any CPU
		{4537EFBA-3F26-42E8-99C4-1AEFCB9B24EB}.Debug|ARM.Build.0 = Debug|Any CPU
		{4537EFBA-3F26-42E8-99C4-1AEFCB9B24EB}.Debug|ARM64.ActiveCfg = Debug|Any CPU
		{4537EFBA-3F26-42E8-99C4-1AEFCB9B24EB}.Debug|ARM64.Build.0 = Debug|Any CPU
		{4537EFBA-3F26-42E8-99C4-1AEFCB9B24EB}.Debug|iPhone.ActiveCfg = Debug|Any CPU
		{4537EFBA-3F26-42E8-99C4-1AEFCB9B24EB}.Debug|iPhone.Build.0 = Debug|Any CPU
		{4537EFBA-3F26-42E8-99C4-1AEFCB9B24EB}.Debug|iPhoneSimulator.ActiveCfg = Debug|Any CPU
		{4537EFBA-3F26-42E8-99C4-1AEFCB9B24EB}.Debug|iPhoneSimulator.Build.0 = Debug|Any CPU
		{4537EFBA-3F26-42E8-99C4-1AEFCB9B24EB}.Debug|x64.ActiveCfg = Debug|Any CPU
		{4537EFBA-3F26-42E8-99C4-1AEFCB9B24EB}.Debug|x64.Build.0 = Debug|Any CPU
		{4537EFBA-3F26-42E8-99C4-1AEFCB9B24EB}.Debug|x86.ActiveCfg = Debug|Any CPU
		{4537EFBA-3F26-42E8-99C4-1AEFCB9B24EB}.Debug|x86.Build.0 = Debug|Any CPU
		{4537EFBA-3F26-42E8-99C4-1AEFCB9B24EB}.Release|Any CPU.ActiveCfg = Release|Any CPU
		{4537EFBA-3F26-42E8-99C4-1AEFCB9B24EB}.Release|Any CPU.Build.0 = Release|Any CPU
		{4537EFBA-3F26-42E8-99C4-1AEFCB9B24EB}.Release|ARM.ActiveCfg = Release|Any CPU
		{4537EFBA-3F26-42E8-99C4-1AEFCB9B24EB}.Release|ARM.Build.0 = Release|Any CPU
		{4537EFBA-3F26-42E8-99C4-1AEFCB9B24EB}.Release|ARM64.ActiveCfg = Release|Any CPU
		{4537EFBA-3F26-42E8-99C4-1AEFCB9B24EB}.Release|ARM64.Build.0 = Release|Any CPU
		{4537EFBA-3F26-42E8-99C4-1AEFCB9B24EB}.Release|iPhone.ActiveCfg = Release|Any CPU
		{4537EFBA-3F26-42E8-99C4-1AEFCB9B24EB}.Release|iPhone.Build.0 = Release|Any CPU
		{4537EFBA-3F26-42E8-99C4-1AEFCB9B24EB}.Release|iPhoneSimulator.ActiveCfg = Release|Any CPU
		{4537EFBA-3F26-42E8-99C4-1AEFCB9B24EB}.Release|iPhoneSimulator.Build.0 = Release|Any CPU
		{4537EFBA-3F26-42E8-99C4-1AEFCB9B24EB}.Release|x64.ActiveCfg = Release|Any CPU
		{4537EFBA-3F26-42E8-99C4-1AEFCB9B24EB}.Release|x64.Build.0 = Release|Any CPU
		{4537EFBA-3F26-42E8-99C4-1AEFCB9B24EB}.Release|x86.ActiveCfg = Release|Any CPU
		{4537EFBA-3F26-42E8-99C4-1AEFCB9B24EB}.Release|x86.Build.0 = Release|Any CPU
		{3ABBC13A-DAB4-42CD-A13A-EF7A60FE5E50}.Debug|Any CPU.ActiveCfg = Debug|Any CPU
		{3ABBC13A-DAB4-42CD-A13A-EF7A60FE5E50}.Debug|Any CPU.Build.0 = Debug|Any CPU
		{3ABBC13A-DAB4-42CD-A13A-EF7A60FE5E50}.Debug|ARM.ActiveCfg = Debug|Any CPU
		{3ABBC13A-DAB4-42CD-A13A-EF7A60FE5E50}.Debug|ARM.Build.0 = Debug|Any CPU
		{3ABBC13A-DAB4-42CD-A13A-EF7A60FE5E50}.Debug|ARM64.ActiveCfg = Debug|Any CPU
		{3ABBC13A-DAB4-42CD-A13A-EF7A60FE5E50}.Debug|ARM64.Build.0 = Debug|Any CPU
		{3ABBC13A-DAB4-42CD-A13A-EF7A60FE5E50}.Debug|iPhone.ActiveCfg = Debug|Any CPU
		{3ABBC13A-DAB4-42CD-A13A-EF7A60FE5E50}.Debug|iPhone.Build.0 = Debug|Any CPU
		{3ABBC13A-DAB4-42CD-A13A-EF7A60FE5E50}.Debug|iPhoneSimulator.ActiveCfg = Debug|Any CPU
		{3ABBC13A-DAB4-42CD-A13A-EF7A60FE5E50}.Debug|iPhoneSimulator.Build.0 = Debug|Any CPU
		{3ABBC13A-DAB4-42CD-A13A-EF7A60FE5E50}.Debug|x64.ActiveCfg = Debug|Any CPU
		{3ABBC13A-DAB4-42CD-A13A-EF7A60FE5E50}.Debug|x64.Build.0 = Debug|Any CPU
		{3ABBC13A-DAB4-42CD-A13A-EF7A60FE5E50}.Debug|x86.ActiveCfg = Debug|Any CPU
		{3ABBC13A-DAB4-42CD-A13A-EF7A60FE5E50}.Debug|x86.Build.0 = Debug|Any CPU
		{3ABBC13A-DAB4-42CD-A13A-EF7A60FE5E50}.Release|Any CPU.ActiveCfg = Release|Any CPU
		{3ABBC13A-DAB4-42CD-A13A-EF7A60FE5E50}.Release|Any CPU.Build.0 = Release|Any CPU
		{3ABBC13A-DAB4-42CD-A13A-EF7A60FE5E50}.Release|ARM.ActiveCfg = Release|Any CPU
		{3ABBC13A-DAB4-42CD-A13A-EF7A60FE5E50}.Release|ARM.Build.0 = Release|Any CPU
		{3ABBC13A-DAB4-42CD-A13A-EF7A60FE5E50}.Release|ARM64.ActiveCfg = Release|Any CPU
		{3ABBC13A-DAB4-42CD-A13A-EF7A60FE5E50}.Release|ARM64.Build.0 = Release|Any CPU
		{3ABBC13A-DAB4-42CD-A13A-EF7A60FE5E50}.Release|iPhone.ActiveCfg = Release|Any CPU
		{3ABBC13A-DAB4-42CD-A13A-EF7A60FE5E50}.Release|iPhone.Build.0 = Release|Any CPU
		{3ABBC13A-DAB4-42CD-A13A-EF7A60FE5E50}.Release|iPhoneSimulator.ActiveCfg = Release|Any CPU
		{3ABBC13A-DAB4-42CD-A13A-EF7A60FE5E50}.Release|iPhoneSimulator.Build.0 = Release|Any CPU
		{3ABBC13A-DAB4-42CD-A13A-EF7A60FE5E50}.Release|x64.ActiveCfg = Release|Any CPU
		{3ABBC13A-DAB4-42CD-A13A-EF7A60FE5E50}.Release|x64.Build.0 = Release|Any CPU
		{3ABBC13A-DAB4-42CD-A13A-EF7A60FE5E50}.Release|x86.ActiveCfg = Release|Any CPU
		{3ABBC13A-DAB4-42CD-A13A-EF7A60FE5E50}.Release|x86.Build.0 = Release|Any CPU
		{B4971681-A8D8-40F0-B688-626521CD84AF}.Debug|Any CPU.ActiveCfg = Debug|x86
		{B4971681-A8D8-40F0-B688-626521CD84AF}.Debug|Any CPU.Build.0 = Debug|x86
		{B4971681-A8D8-40F0-B688-626521CD84AF}.Debug|Any CPU.Deploy.0 = Debug|x86
		{B4971681-A8D8-40F0-B688-626521CD84AF}.Debug|ARM.ActiveCfg = Debug|ARM
		{B4971681-A8D8-40F0-B688-626521CD84AF}.Debug|ARM.Build.0 = Debug|ARM
		{B4971681-A8D8-40F0-B688-626521CD84AF}.Debug|ARM.Deploy.0 = Debug|ARM
		{B4971681-A8D8-40F0-B688-626521CD84AF}.Debug|ARM64.ActiveCfg = Debug|x86
		{B4971681-A8D8-40F0-B688-626521CD84AF}.Debug|iPhone.ActiveCfg = Debug|x86
		{B4971681-A8D8-40F0-B688-626521CD84AF}.Debug|iPhoneSimulator.ActiveCfg = Debug|x86
		{B4971681-A8D8-40F0-B688-626521CD84AF}.Debug|x64.ActiveCfg = Debug|x64
		{B4971681-A8D8-40F0-B688-626521CD84AF}.Debug|x64.Build.0 = Debug|x64
		{B4971681-A8D8-40F0-B688-626521CD84AF}.Debug|x64.Deploy.0 = Debug|x64
		{B4971681-A8D8-40F0-B688-626521CD84AF}.Debug|x86.ActiveCfg = Debug|x86
		{B4971681-A8D8-40F0-B688-626521CD84AF}.Debug|x86.Build.0 = Debug|x86
		{B4971681-A8D8-40F0-B688-626521CD84AF}.Debug|x86.Deploy.0 = Debug|x86
		{B4971681-A8D8-40F0-B688-626521CD84AF}.Release|Any CPU.ActiveCfg = Release|x86
		{B4971681-A8D8-40F0-B688-626521CD84AF}.Release|ARM.ActiveCfg = Release|ARM
		{B4971681-A8D8-40F0-B688-626521CD84AF}.Release|ARM.Build.0 = Release|ARM
		{B4971681-A8D8-40F0-B688-626521CD84AF}.Release|ARM.Deploy.0 = Release|ARM
		{B4971681-A8D8-40F0-B688-626521CD84AF}.Release|ARM64.ActiveCfg = Release|x86
		{B4971681-A8D8-40F0-B688-626521CD84AF}.Release|iPhone.ActiveCfg = Release|x86
		{B4971681-A8D8-40F0-B688-626521CD84AF}.Release|iPhoneSimulator.ActiveCfg = Release|x86
		{B4971681-A8D8-40F0-B688-626521CD84AF}.Release|x64.ActiveCfg = Release|x64
		{B4971681-A8D8-40F0-B688-626521CD84AF}.Release|x64.Build.0 = Release|x64
		{B4971681-A8D8-40F0-B688-626521CD84AF}.Release|x64.Deploy.0 = Release|x64
		{B4971681-A8D8-40F0-B688-626521CD84AF}.Release|x86.ActiveCfg = Release|x86
		{B4971681-A8D8-40F0-B688-626521CD84AF}.Release|x86.Build.0 = Release|x86
		{B4971681-A8D8-40F0-B688-626521CD84AF}.Release|x86.Deploy.0 = Release|x86
		{6470D2E3-5E33-4A57-81F3-9CEA4469BDE3}.Debug|Any CPU.ActiveCfg = Debug|Any CPU
		{6470D2E3-5E33-4A57-81F3-9CEA4469BDE3}.Debug|ARM.ActiveCfg = Debug|Any CPU
		{6470D2E3-5E33-4A57-81F3-9CEA4469BDE3}.Debug|ARM.Build.0 = Debug|Any CPU
		{6470D2E3-5E33-4A57-81F3-9CEA4469BDE3}.Debug|ARM.Deploy.0 = Debug|Any CPU
		{6470D2E3-5E33-4A57-81F3-9CEA4469BDE3}.Debug|ARM64.ActiveCfg = Debug|Any CPU
		{6470D2E3-5E33-4A57-81F3-9CEA4469BDE3}.Debug|ARM64.Build.0 = Debug|Any CPU
		{6470D2E3-5E33-4A57-81F3-9CEA4469BDE3}.Debug|ARM64.Deploy.0 = Debug|Any CPU
		{6470D2E3-5E33-4A57-81F3-9CEA4469BDE3}.Debug|iPhone.ActiveCfg = Debug|Any CPU
		{6470D2E3-5E33-4A57-81F3-9CEA4469BDE3}.Debug|iPhone.Build.0 = Debug|Any CPU
		{6470D2E3-5E33-4A57-81F3-9CEA4469BDE3}.Debug|iPhone.Deploy.0 = Debug|Any CPU
		{6470D2E3-5E33-4A57-81F3-9CEA4469BDE3}.Debug|iPhoneSimulator.ActiveCfg = Debug|Any CPU
		{6470D2E3-5E33-4A57-81F3-9CEA4469BDE3}.Debug|iPhoneSimulator.Build.0 = Debug|Any CPU
		{6470D2E3-5E33-4A57-81F3-9CEA4469BDE3}.Debug|iPhoneSimulator.Deploy.0 = Debug|Any CPU
		{6470D2E3-5E33-4A57-81F3-9CEA4469BDE3}.Debug|x64.ActiveCfg = Debug|Any CPU
		{6470D2E3-5E33-4A57-81F3-9CEA4469BDE3}.Debug|x64.Build.0 = Debug|Any CPU
		{6470D2E3-5E33-4A57-81F3-9CEA4469BDE3}.Debug|x64.Deploy.0 = Debug|Any CPU
		{6470D2E3-5E33-4A57-81F3-9CEA4469BDE3}.Debug|x86.ActiveCfg = Debug|Any CPU
		{6470D2E3-5E33-4A57-81F3-9CEA4469BDE3}.Debug|x86.Build.0 = Debug|Any CPU
		{6470D2E3-5E33-4A57-81F3-9CEA4469BDE3}.Debug|x86.Deploy.0 = Debug|Any CPU
		{6470D2E3-5E33-4A57-81F3-9CEA4469BDE3}.Release|Any CPU.ActiveCfg = Release|Any CPU
		{6470D2E3-5E33-4A57-81F3-9CEA4469BDE3}.Release|Any CPU.Build.0 = Release|Any CPU
		{6470D2E3-5E33-4A57-81F3-9CEA4469BDE3}.Release|Any CPU.Deploy.0 = Release|Any CPU
		{6470D2E3-5E33-4A57-81F3-9CEA4469BDE3}.Release|ARM.ActiveCfg = Release|Any CPU
		{6470D2E3-5E33-4A57-81F3-9CEA4469BDE3}.Release|ARM.Build.0 = Release|Any CPU
		{6470D2E3-5E33-4A57-81F3-9CEA4469BDE3}.Release|ARM.Deploy.0 = Release|Any CPU
		{6470D2E3-5E33-4A57-81F3-9CEA4469BDE3}.Release|ARM64.ActiveCfg = Release|Any CPU
		{6470D2E3-5E33-4A57-81F3-9CEA4469BDE3}.Release|ARM64.Build.0 = Release|Any CPU
		{6470D2E3-5E33-4A57-81F3-9CEA4469BDE3}.Release|ARM64.Deploy.0 = Release|Any CPU
		{6470D2E3-5E33-4A57-81F3-9CEA4469BDE3}.Release|iPhone.ActiveCfg = Release|Any CPU
		{6470D2E3-5E33-4A57-81F3-9CEA4469BDE3}.Release|iPhone.Build.0 = Release|Any CPU
		{6470D2E3-5E33-4A57-81F3-9CEA4469BDE3}.Release|iPhone.Deploy.0 = Release|Any CPU
		{6470D2E3-5E33-4A57-81F3-9CEA4469BDE3}.Release|iPhoneSimulator.ActiveCfg = Release|Any CPU
		{6470D2E3-5E33-4A57-81F3-9CEA4469BDE3}.Release|iPhoneSimulator.Build.0 = Release|Any CPU
		{6470D2E3-5E33-4A57-81F3-9CEA4469BDE3}.Release|iPhoneSimulator.Deploy.0 = Release|Any CPU
		{6470D2E3-5E33-4A57-81F3-9CEA4469BDE3}.Release|x64.ActiveCfg = Release|Any CPU
		{6470D2E3-5E33-4A57-81F3-9CEA4469BDE3}.Release|x64.Build.0 = Release|Any CPU
		{6470D2E3-5E33-4A57-81F3-9CEA4469BDE3}.Release|x64.Deploy.0 = Release|Any CPU
		{6470D2E3-5E33-4A57-81F3-9CEA4469BDE3}.Release|x86.ActiveCfg = Release|Any CPU
		{6470D2E3-5E33-4A57-81F3-9CEA4469BDE3}.Release|x86.Build.0 = Release|Any CPU
		{6470D2E3-5E33-4A57-81F3-9CEA4469BDE3}.Release|x86.Deploy.0 = Release|Any CPU
		{EBBDAE7D-2087-40EE-B502-12B20586661A}.Debug|Any CPU.ActiveCfg = Debug|iPhoneSimulator
		{EBBDAE7D-2087-40EE-B502-12B20586661A}.Debug|ARM.ActiveCfg = Debug|iPhoneSimulator
		{EBBDAE7D-2087-40EE-B502-12B20586661A}.Debug|ARM64.ActiveCfg = Debug|iPhoneSimulator
		{EBBDAE7D-2087-40EE-B502-12B20586661A}.Debug|iPhone.ActiveCfg = Debug|iPhone
		{EBBDAE7D-2087-40EE-B502-12B20586661A}.Debug|iPhone.Build.0 = Debug|iPhone
		{EBBDAE7D-2087-40EE-B502-12B20586661A}.Debug|iPhoneSimulator.ActiveCfg = Debug|iPhoneSimulator
		{EBBDAE7D-2087-40EE-B502-12B20586661A}.Debug|iPhoneSimulator.Build.0 = Debug|iPhoneSimulator
		{EBBDAE7D-2087-40EE-B502-12B20586661A}.Debug|x64.ActiveCfg = Debug|iPhoneSimulator
		{EBBDAE7D-2087-40EE-B502-12B20586661A}.Debug|x86.ActiveCfg = Debug|iPhoneSimulator
		{EBBDAE7D-2087-40EE-B502-12B20586661A}.Release|Any CPU.ActiveCfg = Release|iPhoneSimulator
		{EBBDAE7D-2087-40EE-B502-12B20586661A}.Release|ARM.ActiveCfg = Release|iPhoneSimulator
		{EBBDAE7D-2087-40EE-B502-12B20586661A}.Release|ARM64.ActiveCfg = Release|iPhoneSimulator
		{EBBDAE7D-2087-40EE-B502-12B20586661A}.Release|iPhone.ActiveCfg = Release|iPhone
		{EBBDAE7D-2087-40EE-B502-12B20586661A}.Release|iPhone.Build.0 = Release|iPhone
		{EBBDAE7D-2087-40EE-B502-12B20586661A}.Release|iPhoneSimulator.ActiveCfg = Release|iPhoneSimulator
		{EBBDAE7D-2087-40EE-B502-12B20586661A}.Release|iPhoneSimulator.Build.0 = Release|iPhoneSimulator
		{EBBDAE7D-2087-40EE-B502-12B20586661A}.Release|x64.ActiveCfg = Release|iPhoneSimulator
		{EBBDAE7D-2087-40EE-B502-12B20586661A}.Release|x86.ActiveCfg = Release|iPhoneSimulator
		{47F5F296-49E2-42B7-B4D6-3C6E31B7AE1D}.Debug|Any CPU.ActiveCfg = Debug|Any CPU
		{47F5F296-49E2-42B7-B4D6-3C6E31B7AE1D}.Debug|Any CPU.Build.0 = Debug|Any CPU
		{47F5F296-49E2-42B7-B4D6-3C6E31B7AE1D}.Debug|ARM.ActiveCfg = Debug|Any CPU
		{47F5F296-49E2-42B7-B4D6-3C6E31B7AE1D}.Debug|ARM.Build.0 = Debug|Any CPU
		{47F5F296-49E2-42B7-B4D6-3C6E31B7AE1D}.Debug|ARM64.ActiveCfg = Debug|Any CPU
		{47F5F296-49E2-42B7-B4D6-3C6E31B7AE1D}.Debug|ARM64.Build.0 = Debug|Any CPU
		{47F5F296-49E2-42B7-B4D6-3C6E31B7AE1D}.Debug|iPhone.ActiveCfg = Debug|Any CPU
		{47F5F296-49E2-42B7-B4D6-3C6E31B7AE1D}.Debug|iPhone.Build.0 = Debug|Any CPU
		{47F5F296-49E2-42B7-B4D6-3C6E31B7AE1D}.Debug|iPhoneSimulator.ActiveCfg = Debug|Any CPU
		{47F5F296-49E2-42B7-B4D6-3C6E31B7AE1D}.Debug|iPhoneSimulator.Build.0 = Debug|Any CPU
		{47F5F296-49E2-42B7-B4D6-3C6E31B7AE1D}.Debug|x64.ActiveCfg = Debug|Any CPU
		{47F5F296-49E2-42B7-B4D6-3C6E31B7AE1D}.Debug|x64.Build.0 = Debug|Any CPU
		{47F5F296-49E2-42B7-B4D6-3C6E31B7AE1D}.Debug|x86.ActiveCfg = Debug|Any CPU
		{47F5F296-49E2-42B7-B4D6-3C6E31B7AE1D}.Debug|x86.Build.0 = Debug|Any CPU
		{47F5F296-49E2-42B7-B4D6-3C6E31B7AE1D}.Release|Any CPU.ActiveCfg = Release|Any CPU
		{47F5F296-49E2-42B7-B4D6-3C6E31B7AE1D}.Release|Any CPU.Build.0 = Release|Any CPU
		{47F5F296-49E2-42B7-B4D6-3C6E31B7AE1D}.Release|ARM.ActiveCfg = Release|Any CPU
		{47F5F296-49E2-42B7-B4D6-3C6E31B7AE1D}.Release|ARM.Build.0 = Release|Any CPU
		{47F5F296-49E2-42B7-B4D6-3C6E31B7AE1D}.Release|ARM64.ActiveCfg = Release|Any CPU
		{47F5F296-49E2-42B7-B4D6-3C6E31B7AE1D}.Release|ARM64.Build.0 = Release|Any CPU
		{47F5F296-49E2-42B7-B4D6-3C6E31B7AE1D}.Release|iPhone.ActiveCfg = Release|Any CPU
		{47F5F296-49E2-42B7-B4D6-3C6E31B7AE1D}.Release|iPhone.Build.0 = Release|Any CPU
		{47F5F296-49E2-42B7-B4D6-3C6E31B7AE1D}.Release|iPhoneSimulator.ActiveCfg = Release|Any CPU
		{47F5F296-49E2-42B7-B4D6-3C6E31B7AE1D}.Release|iPhoneSimulator.Build.0 = Release|Any CPU
		{47F5F296-49E2-42B7-B4D6-3C6E31B7AE1D}.Release|x64.ActiveCfg = Release|Any CPU
		{47F5F296-49E2-42B7-B4D6-3C6E31B7AE1D}.Release|x64.Build.0 = Release|Any CPU
		{47F5F296-49E2-42B7-B4D6-3C6E31B7AE1D}.Release|x86.ActiveCfg = Release|Any CPU
		{47F5F296-49E2-42B7-B4D6-3C6E31B7AE1D}.Release|x86.Build.0 = Release|Any CPU
	EndGlobalSection
	GlobalSection(SolutionProperties) = preSolution
		HideSolutionNode = FALSE
	EndGlobalSection
	GlobalSection(NestedProjects) = preSolution
		{4537EFBA-3F26-42E8-99C4-1AEFCB9B24EB} = {D1EDE461-7C49-4353-A57B-64BAAB5355F7}
		{B4971681-A8D8-40F0-B688-626521CD84AF} = {C8C9BD65-F903-4B57-97EC-7E1BB68EE528}
		{6470D2E3-5E33-4A57-81F3-9CEA4469BDE3} = {C8C9BD65-F903-4B57-97EC-7E1BB68EE528}
		{EBBDAE7D-2087-40EE-B502-12B20586661A} = {C8C9BD65-F903-4B57-97EC-7E1BB68EE528}
		{47F5F296-49E2-42B7-B4D6-3C6E31B7AE1D} = {C8C9BD65-F903-4B57-97EC-7E1BB68EE528}
	EndGlobalSection
	GlobalSection(ExtensibilityGlobals) = postSolution
		SolutionGuid = {9B840B4E-657F-47E2-BE3F-E6D1B6EB619B}
	EndGlobalSection
EndGlobal
